
Microsoft Visual Studio Solution File, Format Version 12.00
# Visual Studio Version 16
VisualStudioVersion = 16.0.30011.22
MinimumVisualStudioVersion = 10.0.40219.1
Project("{8BC9CEB8-8B4A-11D0-8D11-00A0C91BC942}") = "UFM", "UFM.vcxproj", "{FB7E9697-6819-4F3D-88E8-F20305644D58}"
	ProjectSection(ProjectDependencies) = postProject
		{E7EE8602-3C50-47AC-BC8D-00AE8A0AC2ED} = {E7EE8602-3C50-47AC-BC8D-00AE8A0AC2ED}
		{5C104574-96C1-4453-B07F-DD1B0C3AB089} = {5C104574-96C1-4453-B07F-DD1B0C3AB089}
		{AE59CDA0-369A-42C7-8F8D-866055D718CB} = {AE59CDA0-369A-42C7-8F8D-866055D718CB}
		{C2C18CFD-13D6-4FC0-82F0-86A85B65F526} = {C2C18CFD-13D6-4FC0-82F0-86A85B65F526}
	EndProjectSection
EndProject
Project("{8BC9CEB8-8B4A-11D0-8D11-00A0C91BC942}") = "SQLiteWrapper", "SQLiteWrapper\SQLiteWrapper.vcxproj", "{AE59CDA0-369A-42C7-8F8D-866055D718CB}"
	ProjectSection(ProjectDependencies) = postProject
		{5C104574-96C1-4453-B07F-DD1B0C3AB089} = {5C104574-96C1-4453-B07F-DD1B0C3AB089}
	EndProjectSection
EndProject
Project("{8BC9CEB8-8B4A-11D0-8D11-00A0C91BC942}") = "Tests", "Tests\Tests.vcxproj", "{A7B99F4A-D150-4183-AF84-951E1974BC8B}"
	ProjectSection(ProjectDependencies) = postProject
		{5C104574-96C1-4453-B07F-DD1B0C3AB089} = {5C104574-96C1-4453-B07F-DD1B0C3AB089}
		{AE59CDA0-369A-42C7-8F8D-866055D718CB} = {AE59CDA0-369A-42C7-8F8D-866055D718CB}
	EndProjectSection
EndProject
Project("{8BC9CEB8-8B4A-11D0-8D11-00A0C91BC942}") = "sqlite", "sqlite\sqlite.vcxproj", "{5C104574-96C1-4453-B07F-DD1B0C3AB089}"
EndProject
Project("{8BC9CEB8-8B4A-11D0-8D11-00A0C91BC942}") = "SharedViews", "SharedViews\SharedViews.vcxproj", "{E7EE8602-3C50-47AC-BC8D-00AE8A0AC2ED}"
	ProjectSection(ProjectDependencies) = postProject
		{5C104574-96C1-4453-B07F-DD1B0C3AB089} = {5C104574-96C1-4453-B07F-DD1B0C3AB089}
		{AE59CDA0-369A-42C7-8F8D-866055D718CB} = {AE59CDA0-369A-42C7-8F8D-866055D718CB}
	EndProjectSection
EndProject
Project("{8BC9CEB8-8B4A-11D0-8D11-00A0C91BC942}") = "UFMCore", "UFMCore\UFMCore.vcxproj", "{C2C18CFD-13D6-4FC0-82F0-86A85B65F526}"
	ProjectSection(ProjectDependencies) = postProject
		{E7EE8602-3C50-47AC-BC8D-00AE8A0AC2ED} = {E7EE8602-3C50-47AC-BC8D-00AE8A0AC2ED}
	EndProjectSection
EndProject
Project("{8BC9CEB8-8B4A-11D0-8D11-00A0C91BC942}") = "UFMDrawing", "UFMDrawing\UFMDrawing.vcxproj", "{86B92567-1BAA-469B-9978-9928919B416E}"
EndProject
Global
	GlobalSection(SolutionConfigurationPlatforms) = preSolution
		Debug|x64 = Debug|x64
		Debug|x86 = Debug|x86
		Release|x64 = Release|x64
		Release|x86 = Release|x86
	EndGlobalSection
	GlobalSection(ProjectConfigurationPlatforms) = postSolution
		{FB7E9697-6819-4F3D-88E8-F20305644D58}.Debug|x64.ActiveCfg = Debug|x64
		{FB7E9697-6819-4F3D-88E8-F20305644D58}.Debug|x64.Build.0 = Debug|x64
		{FB7E9697-6819-4F3D-88E8-F20305644D58}.Debug|x86.ActiveCfg = Debug|Win32
		{FB7E9697-6819-4F3D-88E8-F20305644D58}.Debug|x86.Build.0 = Debug|Win32
		{FB7E9697-6819-4F3D-88E8-F20305644D58}.Release|x64.ActiveCfg = Release|x64
		{FB7E9697-6819-4F3D-88E8-F20305644D58}.Release|x64.Build.0 = Release|x64
		{FB7E9697-6819-4F3D-88E8-F20305644D58}.Release|x86.ActiveCfg = Release|Win32
		{FB7E9697-6819-4F3D-88E8-F20305644D58}.Release|x86.Build.0 = Release|Win32
		{AE59CDA0-369A-42C7-8F8D-866055D718CB}.Debug|x64.ActiveCfg = Debug|x64
		{AE59CDA0-369A-42C7-8F8D-866055D718CB}.Debug|x64.Build.0 = Debug|x64
		{AE59CDA0-369A-42C7-8F8D-866055D718CB}.Debug|x86.ActiveCfg = Debug|Win32
		{AE59CDA0-369A-42C7-8F8D-866055D718CB}.Debug|x86.Build.0 = Debug|Win32
		{AE59CDA0-369A-42C7-8F8D-866055D718CB}.Release|x64.ActiveCfg = Release|x64
		{AE59CDA0-369A-42C7-8F8D-866055D718CB}.Release|x64.Build.0 = Release|x64
		{AE59CDA0-369A-42C7-8F8D-866055D718CB}.Release|x86.ActiveCfg = Release|Win32
		{AE59CDA0-369A-42C7-8F8D-866055D718CB}.Release|x86.Build.0 = Release|Win32
		{A7B99F4A-D150-4183-AF84-951E1974BC8B}.Debug|x64.ActiveCfg = Debug|x64
		{A7B99F4A-D150-4183-AF84-951E1974BC8B}.Debug|x64.Build.0 = Debug|x64
		{A7B99F4A-D150-4183-AF84-951E1974BC8B}.Debug|x86.ActiveCfg = Debug|Win32
		{A7B99F4A-D150-4183-AF84-951E1974BC8B}.Debug|x86.Build.0 = Debug|Win32
		{A7B99F4A-D150-4183-AF84-951E1974BC8B}.Release|x64.ActiveCfg = Release|x64
		{A7B99F4A-D150-4183-AF84-951E1974BC8B}.Release|x64.Build.0 = Release|x64
		{A7B99F4A-D150-4183-AF84-951E1974BC8B}.Release|x86.ActiveCfg = Release|Win32
		{A7B99F4A-D150-4183-AF84-951E1974BC8B}.Release|x86.Build.0 = Release|Win32
		{5C104574-96C1-4453-B07F-DD1B0C3AB089}.Debug|x64.ActiveCfg = Debug|x64
		{5C104574-96C1-4453-B07F-DD1B0C3AB089}.Debug|x64.Build.0 = Debug|x64
		{5C104574-96C1-4453-B07F-DD1B0C3AB089}.Debug|x86.ActiveCfg = Debug|Win32
		{5C104574-96C1-4453-B07F-DD1B0C3AB089}.Debug|x86.Build.0 = Debug|Win32
		{5C104574-96C1-4453-B07F-DD1B0C3AB089}.Release|x64.ActiveCfg = Release|x64
		{5C104574-96C1-4453-B07F-DD1B0C3AB089}.Release|x64.Build.0 = Release|x64
		{5C104574-96C1-4453-B07F-DD1B0C3AB089}.Release|x86.ActiveCfg = Release|Win32
		{5C104574-96C1-4453-B07F-DD1B0C3AB089}.Release|x86.Build.0 = Release|Win32
		{E7EE8602-3C50-47AC-BC8D-00AE8A0AC2ED}.Debug|x64.ActiveCfg = Debug|x64
		{E7EE8602-3C50-47AC-BC8D-00AE8A0AC2ED}.Debug|x64.Build.0 = Debug|x64
		{E7EE8602-3C50-47AC-BC8D-00AE8A0AC2ED}.Debug|x86.ActiveCfg = Debug|Win32
		{E7EE8602-3C50-47AC-BC8D-00AE8A0AC2ED}.Debug|x86.Build.0 = Debug|Win32
		{E7EE8602-3C50-47AC-BC8D-00AE8A0AC2ED}.Release|x64.ActiveCfg = Release|x64
		{E7EE8602-3C50-47AC-BC8D-00AE8A0AC2ED}.Release|x64.Build.0 = Release|x64
		{E7EE8602-3C50-47AC-BC8D-00AE8A0AC2ED}.Release|x86.ActiveCfg = Release|Win32
		{E7EE8602-3C50-47AC-BC8D-00AE8A0AC2ED}.Release|x86.Build.0 = Release|Win32
		{C2C18CFD-13D6-4FC0-82F0-86A85B65F526}.Debug|x64.ActiveCfg = Debug|x64
		{C2C18CFD-13D6-4FC0-82F0-86A85B65F526}.Debug|x64.Build.0 = Debug|x64
		{C2C18CFD-13D6-4FC0-82F0-86A85B65F526}.Debug|x86.ActiveCfg = Debug|Win32
		{C2C18CFD-13D6-4FC0-82F0-86A85B65F526}.Debug|x86.Build.0 = Debug|Win32
		{C2C18CFD-13D6-4FC0-82F0-86A85B65F526}.Release|x64.ActiveCfg = Release|x64
		{C2C18CFD-13D6-4FC0-82F0-86A85B65F526}.Release|x64.Build.0 = Release|x64
		{C2C18CFD-13D6-4FC0-82F0-86A85B65F526}.Release|x86.ActiveCfg = Release|Win32
		{C2C18CFD-13D6-4FC0-82F0-86A85B65F526}.Release|x86.Build.0 = Release|Win32
		{86B92567-1BAA-469B-9978-9928919B416E}.Debug|x64.ActiveCfg = Debug|x64
		{86B92567-1BAA-469B-9978-9928919B416E}.Debug|x64.Build.0 = Debug|x64
		{86B92567-1BAA-469B-9978-9928919B416E}.Debug|x86.ActiveCfg = Debug|Win32
		{86B92567-1BAA-469B-9978-9928919B416E}.Debug|x86.Build.0 = Debug|Win32
		{86B92567-1BAA-469B-9978-9928919B416E}.Release|x64.ActiveCfg = Release|x64
		{86B92567-1BAA-469B-9978-9928919B416E}.Release|x64.Build.0 = Release|x64
		{86B92567-1BAA-469B-9978-9928919B416E}.Release|x86.ActiveCfg = Release|Win32
		{86B92567-1BAA-469B-9978-9928919B416E}.Release|x86.Build.0 = Release|Win32
	EndGlobalSection
	GlobalSection(SolutionProperties) = preSolution
		HideSolutionNode = FALSE
	EndGlobalSection
	GlobalSection(ExtensibilityGlobals) = postSolution
		SolutionGuid = {72A53D19-D0E9-45AB-8477-807046224730}
	EndGlobalSection
EndGlobal
