<?xml version="1.0" encoding="utf-8"?>
<Project ToolsVersion="4.0" xmlns="http://schemas.microsoft.com/developer/msbuild/2003">
  <ItemGroup>
    <Filter Include="Source Files">
      <UniqueIdentifier>{4FC737F1-C7A5-4376-A066-2A32D752A2FF}</UniqueIdentifier>
      <Extensions>cpp;c;cc;cxx;c++;def;odl;idl;hpj;bat;asm;asmx</Extensions>
    </Filter>
    <Filter Include="Header Files">
      <UniqueIdentifier>{93995380-89BD-4b04-88EB-625FBE52EBFB}</UniqueIdentifier>
      <Extensions>h;hh;hpp;hxx;h++;hm;inl;inc;ipp;xsd</Extensions>
    </Filter>
    <Filter Include="Resource Files">
      <UniqueIdentifier>{67DA6AB6-F800-4c08-8B7A-83BB121AAD01}</UniqueIdentifier>
      <Extensions>rc;ico;cur;bmp;dlg;rc2;rct;bin;rgs;gif;jpg;jpeg;jpe;resx;tiff;tif;png;wav;mfcribbon-ms</Extensions>
    </Filter>
    <Filter Include="Source Files\SQLite">
      <UniqueIdentifier>{60ede0b3-e927-44af-bfe0-e228b3f30640}</UniqueIdentifier>
    </Filter>
    <Filter Include="Header Files\SQLite">
      <UniqueIdentifier>{e6ba1f5a-87f3-4021-aff4-d44d0b52a8fc}</UniqueIdentifier>
    </Filter>
  </ItemGroup>
  <ItemGroup>
    <None Include="cpp.hint" />
  </ItemGroup>
  <ItemGroup>
    <ClInclude Include="framework.h">
      <Filter>Header Files</Filter>
    </ClInclude>
    <ClInclude Include="pch.h">
      <Filter>Header Files</Filter>
    </ClInclude>
    <ClInclude Include="..\Include\common\ColumnType.h">
      <Filter>Header Files\SQLite</Filter>
    </ClInclude>
    <ClInclude Include="..\Include\common\Database.h">
      <Filter>Header Files\SQLite</Filter>
    </ClInclude>
    <ClInclude Include="..\Include\common\DatabaseException.h">
      <Filter>Header Files\SQLite</Filter>
    </ClInclude>
    <ClInclude Include="..\Include\common\PreparedStmt.h">
      <Filter>Header Files\SQLite</Filter>
    </ClInclude>
    <ClInclude Include="..\Include\common\Query.h">
      <Filter>Header Files\SQLite</Filter>
    </ClInclude>
  </ItemGroup>
  <ItemGroup>
    <ClCompile Include="SQLiteWrapper.cpp">
      <Filter>Source Files</Filter>
    </ClCompile>
    <ClCompile Include="dllmain.cpp">
      <Filter>Source Files</Filter>
    </ClCompile>
    <ClCompile Include="pch.cpp">
      <Filter>Source Files</Filter>
    </ClCompile>
    <ClCompile Include="sqlitelib\ColumnType.cpp">
      <Filter>Source Files\SQLite</Filter>
    </ClCompile>
    <ClCompile Include="sqlitelib\Database.cpp">
      <Filter>Source Files\SQLite</Filter>
    </ClCompile>
    <ClCompile Include="sqlitelib\DatabaseException.cpp">
      <Filter>Source Files\SQLite</Filter>
    </ClCompile>
    <ClCompile Include="sqlitelib\PreparedStmt.cpp">
      <Filter>Source Files\SQLite</Filter>
    </ClCompile>
    <ClCompile Include="sqlitelib\Query.cpp">
      <Filter>Source Files\SQLite</Filter>
    </ClCompile>
  </ItemGroup>
</Project>